
Microsoft Visual Studio Solution File, Format Version 12.00
# Visual Studio 15
VisualStudioVersion = 15.0.27428.2015
MinimumVisualStudioVersion = 10.0.40219.1
Project("{FAE04EC0-301F-11D3-BF4B-00C04F79EFBC}") = "ChemTest", "ChemTest\ChemTest.csproj", "{21868561-F479-4538-81BE-6453E1463226}"
EndProject
Project("{FAE04EC0-301F-11D3-BF4B-00C04F79EFBC}") = "Migration", "Migration\Migration.csproj", "{CF864DB9-6064-4521-A166-4CFD6FE8A667}"
EndProject
Global
	GlobalSection(SolutionConfigurationPlatforms) = preSolution
		Debug|Any CPU = Debug|Any CPU
		Release|Any CPU = Release|Any CPU
	EndGlobalSection
	GlobalSection(ProjectConfigurationPlatforms) = postSolution
		{21868561-F479-4538-81BE-6453E1463226}.Debug|Any CPU.ActiveCfg = Debug|Any CPU
		{21868561-F479-4538-81BE-6453E1463226}.Debug|Any CPU.Build.0 = Debug|Any CPU
		{21868561-F479-4538-81BE-6453E1463226}.Release|Any CPU.ActiveCfg = Release|Any CPU
		{21868561-F479-4538-81BE-6453E1463226}.Release|Any CPU.Build.0 = Release|Any CPU
		{CF864DB9-6064-4521-A166-4CFD6FE8A667}.Debug|Any CPU.ActiveCfg = Debug|Any CPU
		{CF864DB9-6064-4521-A166-4CFD6FE8A667}.Debug|Any CPU.Build.0 = Debug|Any CPU
		{CF864DB9-6064-4521-A166-4CFD6FE8A667}.Release|Any CPU.ActiveCfg = Release|Any CPU
		{CF864DB9-6064-4521-A166-4CFD6FE8A667}.Release|Any CPU.Build.0 = Release|Any CPU
	EndGlobalSection
	GlobalSection(SolutionProperties) = preSolution
		HideSolutionNode = FALSE
	EndGlobalSection
	GlobalSection(ExtensibilityGlobals) = postSolution
		SolutionGuid = {837595FF-DC7E-4680-8BFC-A4628F5CB8E8}
	EndGlobalSection
EndGlobal
